# THIS IS AN AUTOGENERATED FILE. DO NOT EDIT THIS FILE DIRECTLY.
# yarn lockfile v1


"@react-native-picker/picker@1.16.8":
  version "1.16.8"
  resolved "https://registry.yarnpkg.com/@react-native-picker/picker/-/picker-1.16.8.tgz#2126ca54d4a5a3e9ea5e3f39ad1e6643f8e4b3d4"
  integrity sha512-pacdQDX6V6EmjF+HoiIh6u++qx4mTK0WnhgUHRc01B+Qt5eoeUwseBqmqfTSXTx/aHDEd6PiIw7UGvKgFoqgFQ==
